
Microsoft Visual Studio Solution File, Format Version 12.00
# Visual Studio 15
VisualStudioVersion = 15.0.28307.539
MinimumVisualStudioVersion = 10.0.40219.1
Project("{FAE04EC0-301F-11D3-BF4B-00C04F79EFBC}") = "WebAppCore", "WebAppCore\WebAppCore.csproj", "{BB3D7B42-5DB3-4BDF-8EE9-AED3B047FBEC}"
EndProject
Global
	GlobalSection(SolutionConfigurationPlatforms) = preSolution
		Debug|Any CPU = Debug|Any CPU
		Release|Any CPU = Release|Any CPU
	EndGlobalSection
	GlobalSection(ProjectConfigurationPlatforms) = postSolution
		{BB3D7B42-5DB3-4BDF-8EE9-AED3B047FBEC}.Debug|Any CPU.ActiveCfg = Debug|Any CPU
		{BB3D7B42-5DB3-4BDF-8EE9-AED3B047FBEC}.Debug|Any CPU.Build.0 = Debug|Any CPU
		{BB3D7B42-5DB3-4BDF-8EE9-AED3B047FBEC}.Release|Any CPU.ActiveCfg = Release|Any CPU
		{BB3D7B42-5DB3-4BDF-8EE9-AED3B047FBEC}.Release|Any CPU.Build.0 = Release|Any CPU
	EndGlobalSection
	GlobalSection(SolutionProperties) = preSolution
		HideSolutionNode = FALSE
	EndGlobalSection
	GlobalSection(ExtensibilityGlobals) = postSolution
		SolutionGuid = {895C75D6-976A-4C28-AE11-6D155187B14B}
	EndGlobalSection
EndGlobal
